
Microsoft Visual Studio Solution File, Format Version 12.00
# Visual Studio Version 17
VisualStudioVersion = 17.0.31903.59
MinimumVisualStudioVersion = 10.0.40219.1
Project("{2150E333-8FDC-42A3-9474-1A3956D46DE8}") = "src", "src", "{827E0CD3-B72D-47B6-A68D-7590B98EB39B}"
EndProject
Project("{FAE04EC0-301F-11D3-BF4B-00C04F79EFBC}") = "StockApp.Domain", "src\StockApp.Domain\StockApp.Domain.csproj", "{6A98F652-D877-4B25-BC84-72392644988E}"
EndProject
Project("{FAE04EC0-301F-11D3-BF4B-00C04F79EFBC}") = "StockApp.Application", "src\StockApp.Application\StockApp.Application.csproj", "{7AE82AD4-E432-4FFD-B019-B436A5391616}"
EndProject
Project("{FAE04EC0-301F-11D3-BF4B-00C04F79EFBC}") = "StockApp.Infrastructure", "src\StockApp.Infrastructure\StockApp.Infrastructure.csproj", "{CAD5E6BC-F1AC-4AC0-9E52-B85FA045AC40}"
EndProject
Project("{FAE04EC0-301F-11D3-BF4B-00C04F79EFBC}") = "StockApp.API", "src\StockApp.API\StockApp.API.csproj", "{F18D7F1C-E57C-4DF2-847B-5BCBB0CD2256}"
EndProject
Project("{2150E333-8FDC-42A3-9474-1A3956D46DE8}") = "tests", "tests", "{0AB3BF05-4346-4AA6-1389-037BE0695223}"
EndProject
Project("{FAE04EC0-301F-11D3-BF4B-00C04F79EFBC}") = "StockApp.Tests", "tests\StockApp.Tests\StockApp.Tests.csproj", "{9F4E802F-166F-4520-BE3D-DD76B53A02BA}"
EndProject
Global
	GlobalSection(SolutionConfigurationPlatforms) = preSolution
		Debug|Any CPU = Debug|Any CPU
		Debug|x64 = Debug|x64
		Debug|x86 = Debug|x86
		Release|Any CPU = Release|Any CPU
		Release|x64 = Release|x64
		Release|x86 = Release|x86
	EndGlobalSection
	GlobalSection(ProjectConfigurationPlatforms) = postSolution
		{6A98F652-D877-4B25-BC84-72392644988E}.Debug|Any CPU.ActiveCfg = Debug|Any CPU
		{6A98F652-D877-4B25-BC84-72392644988E}.Debug|Any CPU.Build.0 = Debug|Any CPU
		{6A98F652-D877-4B25-BC84-72392644988E}.Debug|x64.ActiveCfg = Debug|Any CPU
		{6A98F652-D877-4B25-BC84-72392644988E}.Debug|x64.Build.0 = Debug|Any CPU
		{6A98F652-D877-4B25-BC84-72392644988E}.Debug|x86.ActiveCfg = Debug|Any CPU
		{6A98F652-D877-4B25-BC84-72392644988E}.Debug|x86.Build.0 = Debug|Any CPU
		{6A98F652-D877-4B25-BC84-72392644988E}.Release|Any CPU.ActiveCfg = Release|Any CPU
		{6A98F652-D877-4B25-BC84-72392644988E}.Release|Any CPU.Build.0 = Release|Any CPU
		{6A98F652-D877-4B25-BC84-72392644988E}.Release|x64.ActiveCfg = Release|Any CPU
		{6A98F652-D877-4B25-BC84-72392644988E}.Release|x64.Build.0 = Release|Any CPU
		{6A98F652-D877-4B25-BC84-72392644988E}.Release|x86.ActiveCfg = Release|Any CPU
		{6A98F652-D877-4B25-BC84-72392644988E}.Release|x86.Build.0 = Release|Any CPU
		{7AE82AD4-E432-4FFD-B019-B436A5391616}.Debug|Any CPU.ActiveCfg = Debug|Any CPU
		{7AE82AD4-E432-4FFD-B019-B436A5391616}.Debug|Any CPU.Build.0 = Debug|Any CPU
		{7AE82AD4-E432-4FFD-B019-B436A5391616}.Debug|x64.ActiveCfg = Debug|Any CPU
		{7AE82AD4-E432-4FFD-B019-B436A5391616}.Debug|x64.Build.0 = Debug|Any CPU
		{7AE82AD4-E432-4FFD-B019-B436A5391616}.Debug|x86.ActiveCfg = Debug|Any CPU
		{7AE82AD4-E432-4FFD-B019-B436A5391616}.Debug|x86.Build.0 = Debug|Any CPU
		{7AE82AD4-E432-4FFD-B019-B436A5391616}.Release|Any CPU.ActiveCfg = Release|Any CPU
		{7AE82AD4-E432-4FFD-B019-B436A5391616}.Release|Any CPU.Build.0 = Release|Any CPU
		{7AE82AD4-E432-4FFD-B019-B436A5391616}.Release|x64.ActiveCfg = Release|Any CPU
		{7AE82AD4-E432-4FFD-B019-B436A5391616}.Release|x64.Build.0 = Release|Any CPU
		{7AE82AD4-E432-4FFD-B019-B436A5391616}.Release|x86.ActiveCfg = Release|Any CPU
		{7AE82AD4-E432-4FFD-B019-B436A5391616}.Release|x86.Build.0 = Release|Any CPU
		{CAD5E6BC-F1AC-4AC0-9E52-B85FA045AC40}.Debug|Any CPU.ActiveCfg = Debug|Any CPU
		{CAD5E6BC-F1AC-4AC0-9E52-B85FA045AC40}.Debug|Any CPU.Build.0 = Debug|Any CPU
		{CAD5E6BC-F1AC-4AC0-9E52-B85FA045AC40}.Debug|x64.ActiveCfg = Debug|Any CPU
		{CAD5E6BC-F1AC-4AC0-9E52-B85FA045AC40}.Debug|x64.Build.0 = Debug|Any CPU
		{CAD5E6BC-F1AC-4AC0-9E52-B85FA045AC40}.Debug|x86.ActiveCfg = Debug|Any CPU
		{CAD5E6BC-F1AC-4AC0-9E52-B85FA045AC40}.Debug|x86.Build.0 = Debug|Any CPU
		{CAD5E6BC-F1AC-4AC0-9E52-B85FA045AC40}.Release|Any CPU.ActiveCfg = Release|Any CPU
		{CAD5E6BC-F1AC-4AC0-9E52-B85FA045AC40}.Release|Any CPU.Build.0 = Release|Any CPU
		{CAD5E6BC-F1AC-4AC0-9E52-B85FA045AC40}.Release|x64.ActiveCfg = Release|Any CPU
		{CAD5E6BC-F1AC-4AC0-9E52-B85FA045AC40}.Release|x64.Build.0 = Release|Any CPU
		{CAD5E6BC-F1AC-4AC0-9E52-B85FA045AC40}.Release|x86.ActiveCfg = Release|Any CPU
		{CAD5E6BC-F1AC-4AC0-9E52-B85FA045AC40}.Release|x86.Build.0 = Release|Any CPU
		{F18D7F1C-E57C-4DF2-847B-5BCBB0CD2256}.Debug|Any CPU.ActiveCfg = Debug|Any CPU
		{F18D7F1C-E57C-4DF2-847B-5BCBB0CD2256}.Debug|Any CPU.Build.0 = Debug|Any CPU
		{F18D7F1C-E57C-4DF2-847B-5BCBB0CD2256}.Debug|x64.ActiveCfg = Debug|Any CPU
		{F18D7F1C-E57C-4DF2-847B-5BCBB0CD2256}.Debug|x64.Build.0 = Debug|Any CPU
		{F18D7F1C-E57C-4DF2-847B-5BCBB0CD2256}.Debug|x86.ActiveCfg = Debug|Any CPU
		{F18D7F1C-E57C-4DF2-847B-5BCBB0CD2256}.Debug|x86.Build.0 = Debug|Any CPU
		{F18D7F1C-E57C-4DF2-847B-5BCBB0CD2256}.Release|Any CPU.ActiveCfg = Release|Any CPU
		{F18D7F1C-E57C-4DF2-847B-5BCBB0CD2256}.Release|Any CPU.Build.0 = Release|Any CPU
		{F18D7F1C-E57C-4DF2-847B-5BCBB0CD2256}.Release|x64.ActiveCfg = Release|Any CPU
		{F18D7F1C-E57C-4DF2-847B-5BCBB0CD2256}.Release|x64.Build.0 = Release|Any CPU
		{F18D7F1C-E57C-4DF2-847B-5BCBB0CD2256}.Release|x86.ActiveCfg = Release|Any CPU
		{F18D7F1C-E57C-4DF2-847B-5BCBB0CD2256}.Release|x86.Build.0 = Release|Any CPU
		{9F4E802F-166F-4520-BE3D-DD76B53A02BA}.Debug|Any CPU.ActiveCfg = Debug|Any CPU
		{9F4E802F-166F-4520-BE3D-DD76B53A02BA}.Debug|Any CPU.Build.0 = Debug|Any CPU
		{9F4E802F-166F-4520-BE3D-DD76B53A02BA}.Debug|x64.ActiveCfg = Debug|Any CPU
		{9F4E802F-166F-4520-BE3D-DD76B53A02BA}.Debug|x64.Build.0 = Debug|Any CPU
		{9F4E802F-166F-4520-BE3D-DD76B53A02BA}.Debug|x86.ActiveCfg = Debug|Any CPU
		{9F4E802F-166F-4520-BE3D-DD76B53A02BA}.Debug|x86.Build.0 = Debug|Any CPU
		{9F4E802F-166F-4520-BE3D-DD76B53A02BA}.Release|Any CPU.ActiveCfg = Release|Any CPU
		{9F4E802F-166F-4520-BE3D-DD76B53A02BA}.Release|Any CPU.Build.0 = Release|Any CPU
		{9F4E802F-166F-4520-BE3D-DD76B53A02BA}.Release|x64.ActiveCfg = Release|Any CPU
		{9F4E802F-166F-4520-BE3D-DD76B53A02BA}.Release|x64.Build.0 = Release|Any CPU
		{9F4E802F-166F-4520-BE3D-DD76B53A02BA}.Release|x86.ActiveCfg = Release|Any CPU
		{9F4E802F-166F-4520-BE3D-DD76B53A02BA}.Release|x86.Build.0 = Release|Any CPU
	EndGlobalSection
	GlobalSection(SolutionProperties) = preSolution
		HideSolutionNode = FALSE
	EndGlobalSection
	GlobalSection(NestedProjects) = preSolution
		{6A98F652-D877-4B25-BC84-72392644988E} = {827E0CD3-B72D-47B6-A68D-7590B98EB39B}
		{7AE82AD4-E432-4FFD-B019-B436A5391616} = {827E0CD3-B72D-47B6-A68D-7590B98EB39B}
		{CAD5E6BC-F1AC-4AC0-9E52-B85FA045AC40} = {827E0CD3-B72D-47B6-A68D-7590B98EB39B}
		{F18D7F1C-E57C-4DF2-847B-5BCBB0CD2256} = {827E0CD3-B72D-47B6-A68D-7590B98EB39B}
		{9F4E802F-166F-4520-BE3D-DD76B53A02BA} = {0AB3BF05-4346-4AA6-1389-037BE0695223}
	EndGlobalSection
EndGlobal
